// !$*UTF8*$!
{
	archiveVersion = 1;
	classes = {
	};
	objectVersion = 50;
	objects = {

/* Begin PBXBuildFile section */
		AB45BC49242FB33300EC4E1E /* AppDelegate.swift in Sources */ = {isa = PBXBuildFile; fileRef = AB45BC48242FB33300EC4E1E /* AppDelegate.swift */; };
		AB45BC4B242FB33300EC4E1E /* SceneDelegate.swift in Sources */ = {isa = PBXBuildFile; fileRef = AB45BC4A242FB33300EC4E1E /* SceneDelegate.swift */; };
		AB45BC4D242FB33300EC4E1E /* ViewController.swift in Sources */ = {isa = PBXBuildFile; fileRef = AB45BC4C242FB33300EC4E1E /* ViewController.swift */; };
		AB45BC50242FB33300EC4E1E /* Main.storyboard in Resources */ = {isa = PBXBuildFile; fileRef = AB45BC4E242FB33300EC4E1E /* Main.storyboard */; };
		AB45BC52242FB34100EC4E1E /* Assets.xcassets in Resources */ = {isa = PBXBuildFile; fileRef = AB45BC51242FB34100EC4E1E /* Assets.xcassets */; };
		AB45BC55242FB34100EC4E1E /* LaunchScreen.storyboard in Resources */ = {isa = PBXBuildFile; fileRef = AB45BC53242FB34100EC4E1E /* LaunchScreen.storyboard */; };
		ABF031FD242FB4E80095E763 /* NovaPoshta.swift in Sources */ = {isa = PBXBuildFile; fileRef = ABF031FC242FB4E80095E763 /* NovaPoshta.swift */; };
		ABF031FF242FE9990095E763 /* CitiesModel.swift in Sources */ = {isa = PBXBuildFile; fileRef = ABF031FE242FE9990095E763 /* CitiesModel.swift */; };
		ABF03201243204020095E763 /* CityModel.swift in Sources */ = {isa = PBXBuildFile; fileRef = ABF03200243204020095E763 /* CityModel.swift */; };
/* End PBXBuildFile section */

/* Begin PBXFileReference section */
		AB45BC45242FB33300EC4E1E /* NovaPoshta.app */ = {isa = PBXFileReference; explicitFileType = wrapper.application; includeInIndex = 0; path = NovaPoshta.app; sourceTree = BUILT_PRODUCTS_DIR; };
		AB45BC48242FB33300EC4E1E /* AppDelegate.swift */ = {isa = PBXFileReference; lastKnownFileType = sourcecode.swift; path = AppDelegate.swift; sourceTree = "<group>"; };
		AB45BC4A242FB33300EC4E1E /* SceneDelegate.swift */ = {isa = PBXFileReference; lastKnownFileType = sourcecode.swift; path = SceneDelegate.swift; sourceTree = "<group>"; };
		AB45BC4C242FB33300EC4E1E /* ViewController.swift */ = {isa = PBXFileReference; lastKnownFileType = sourcecode.swift; path = ViewController.swift; sourceTree = "<group>"; };
		AB45BC4F242FB33300EC4E1E /* Base */ = {isa = PBXFileReference; lastKnownFileType = file.storyboard; name = Base; path = Base.lproj/Main.storyboard; sourceTree = "<group>"; };
		AB45BC51242FB34100EC4E1E /* Assets.xcassets */ = {isa = PBXFileReference; lastKnownFileType = folder.assetcatalog; path = Assets.xcassets; sourceTree = "<group>"; };
		AB45BC54242FB34100EC4E1E /* Base */ = {isa = PBXFileReference; lastKnownFileType = file.storyboard; name = Base; path = Base.lproj/LaunchScreen.storyboard; sourceTree = "<group>"; };
		AB45BC56242FB34100EC4E1E /* Info.plist */ = {isa = PBXFileReference; lastKnownFileType = text.plist.xml; path = Info.plist; sourceTree = "<group>"; };
		ABF031FC242FB4E80095E763 /* NovaPoshta.swift */ = {isa = PBXFileReference; lastKnownFileType = sourcecode.swift; path = NovaPoshta.swift; sourceTree = "<group>"; };
		ABF031FE242FE9990095E763 /* CitiesModel.swift */ = {isa = PBXFileReference; lastKnownFileType = sourcecode.swift; path = CitiesModel.swift; sourceTree = "<group>"; };
		ABF03200243204020095E763 /* CityModel.swift */ = {isa = PBXFileReference; lastKnownFileType = sourcecode.swift; path = CityModel.swift; sourceTree = "<group>"; };
/* End PBXFileReference section */

/* Begin PBXFrameworksBuildPhase section */
		AB45BC42242FB33300EC4E1E /* Frameworks */ = {
			isa = PBXFrameworksBuildPhase;
			buildActionMask = 2147483647;
			files = (
			);
			runOnlyForDeploymentPostprocessing = 0;
		};
/* End PBXFrameworksBuildPhase section */

/* Begin PBXGroup section */
		AB45BC3C242FB33300EC4E1E = {
			isa = PBXGroup;
			children = (
				AB45BC47242FB33300EC4E1E /* NovaPoshta */,
				AB45BC46242FB33300EC4E1E /* Products */,
			);
			sourceTree = "<group>";
		};
		AB45BC46242FB33300EC4E1E /* Products */ = {
			isa = PBXGroup;
			children = (
				AB45BC45242FB33300EC4E1E /* NovaPoshta.app */,
			);
			name = Products;
			sourceTree = "<group>";
		};
		AB45BC47242FB33300EC4E1E /* NovaPoshta */ = {
			isa = PBXGroup;
			children = (
				AB45BC48242FB33300EC4E1E /* AppDelegate.swift */,
				AB45BC4A242FB33300EC4E1E /* SceneDelegate.swift */,
				AB45BC4C242FB33300EC4E1E /* ViewController.swift */,
				ABF031FC242FB4E80095E763 /* NovaPoshta.swift */,
				ABF031FE242FE9990095E763 /* CitiesModel.swift */,
				ABF03200243204020095E763 /* CityModel.swift */,
				AB45BC4E242FB33300EC4E1E /* Main.storyboard */,
				AB45BC51242FB34100EC4E1E /* Assets.xcassets */,
				AB45BC53242FB34100EC4E1E /* LaunchScreen.storyboard */,
				AB45BC56242FB34100EC4E1E /* Info.plist */,
			);
			path = NovaPoshta;
			sourceTree = "<group>";
		};
/* End PBXGroup section */

/* Begin PBXNativeTarget section */
		AB45BC44242FB33300EC4E1E /* NovaPoshta */ = {
			isa = PBXNativeTarget;
			buildConfigurationList = AB45BC59242FB34100EC4E1E /* Build configuration list for PBXNativeTarget "NovaPoshta" */;
			buildPhases = (
				AB45BC41242FB33300EC4E1E /* Sources */,
				AB45BC42242FB33300EC4E1E /* Frameworks */,
				AB45BC43242FB33300EC4E1E /* Resources */,
			);
			buildRules = (
			);
			dependencies = (
			);
			name = NovaPoshta;
			productName = NovaPoshta;
			productReference = AB45BC45242FB33300EC4E1E /* NovaPoshta.app */;
			productType = "com.apple.product-type.application";
		};
/* End PBXNativeTarget section */

/* Begin PBXProject section */
		AB45BC3D242FB33300EC4E1E /* Project object */ = {
			isa = PBXProject;
			attributes = {
				LastSwiftUpdateCheck = 1130;
				LastUpgradeCheck = 1130;
				ORGANIZATIONNAME = "Petro GOLISHEVSKIY";
				TargetAttributes = {
					AB45BC44242FB33300EC4E1E = {
						CreatedOnToolsVersion = 11.3.1;
					};
				};
			};
			buildConfigurationList = AB45BC40242FB33300EC4E1E /* Build configuration list for PBXProject "NovaPoshta" */;
			compatibilityVersion = "Xcode 9.3";
			developmentRegion = en;
			hasScannedForEncodings = 0;
			knownRegions = (
				en,
				Base,
			);
			mainGroup = AB45BC3C242FB33300EC4E1E;
			productRefGroup = AB45BC46242FB33300EC4E1E /* Products */;
			projectDirPath = "";
			projectRoot = "";
			targets = (
				AB45BC44242FB33300EC4E1E /* NovaPoshta */,
			);
		};
/* End PBXProject section */

/* Begin PBXResourcesBuildPhase section */
		AB45BC43242FB33300EC4E1E /* Resources */ = {
			isa = PBXResourcesBuildPhase;
			buildActionMask = 2147483647;
			files = (
				AB45BC55242FB34100EC4E1E /* LaunchScreen.storyboard in Resources */,
				AB45BC52242FB34100EC4E1E /* Assets.xcassets in Resources */,
				AB45BC50242FB33300EC4E1E /* Main.storyboard in Resources */,
			);
			runOnlyForDeploymentPostprocessing = 0;
		};
/* End PBXResourcesBuildPhase section */

/* Begin PBXSourcesBuildPhase section */
		AB45BC41242FB33300EC4E1E /* Sources */ = {
			isa = PBXSourcesBuildPhase;
			buildActionMask = 2147483647;
			files = (
				AB45BC4D242FB33300EC4E1E /* ViewController.swift in Sources */,
				AB45BC49242FB33300EC4E1E /* AppDelegate.swift in Sources */,
				ABF03201243204020095E763 /* CityModel.swift in Sources */,
				ABF031FD242FB4E80095E763 /* NovaPoshta.swift in Sources */,
				AB45BC4B242FB33300EC4E1E /* SceneDelegate.swift in Sources */,
				ABF031FF242FE9990095E763 /* CitiesModel.swift in Sources */,
			);
			runOnlyForDeploymentPostprocessing = 0;
		};
/* End PBXSourcesBuildPhase section */

/* Begin PBXVariantGroup section */
		AB45BC4E242FB33300EC4E1E /* Main.storyboard */ = {
			isa = PBXVariantGroup;
			children = (
				AB45BC4F242FB33300EC4E1E /* Base */,
			);
			name = Main.storyboard;
			sourceTree = "<group>";
		};
		AB45BC53242FB34100EC4E1E /* LaunchScreen.storyboard */ = {
			isa = PBXVariantGroup;
			children = (
				AB45BC54242FB34100EC4E1E /* Base */,
			);
			name = LaunchScreen.storyboard;
			sourceTree = "<group>";
		};
/* End PBXVariantGroup section */

/* Begin XCBuildConfiguration section */
		AB45BC57242FB34100EC4E1E /* Debug */ = {
			isa = XCBuildConfiguration;
			buildSettings = {
				ALWAYS_SEARCH_USER_PATHS = NO;
				CLANG_ANALYZER_NONNULL = YES;
				CLANG_ANALYZER_NUMBER_OBJECT_CONVERSION = YES_AGGRESSIVE;
				CLANG_CXX_LANGUAGE_STANDARD = "gnu++14";
				CLANG_CXX_LIBRARY = "libc++";
				CLANG_ENABLE_MODULES = YES;
				CLANG_ENABLE_OBJC_ARC = YES;
				CLANG_ENABLE_OBJC_WEAK = YES;
				CLANG_WARN_BLOCK_CAPTURE_AUTORELEASING = YES;
				CLANG_WARN_BOOL_CONVERSION = YES;
				CLANG_WARN_COMMA = YES;
				CLANG_WARN_CONSTANT_CONVERSION = YES;
				CLANG_WARN_DEPRECATED_OBJC_IMPLEMENTATIONS = YES;
				CLANG_WARN_DIRECT_OBJC_ISA_USAGE = YES_ERROR;
				CLANG_WARN_DOCUMENTATION_COMMENTS = YES;
				CLANG_WARN_EMPTY_BODY = YES;
				CLANG_WARN_ENUM_CONVERSION = YES;
				CLANG_WARN_INFINITE_RECURSION = YES;
				CLANG_WARN_INT_CONVERSION = YES;
				CLANG_WARN_NON_LITERAL_NULL_CONVERSION = YES;
				CLANG_WARN_OBJC_IMPLICIT_RETAIN_SELF = YES;
				CLANG_WARN_OBJC_LITERAL_CONVERSION = YES;
				CLANG_WARN_OBJC_ROOT_CLASS = YES_ERROR;
				CLANG_WARN_RANGE_LOOP_ANALYSIS = YES;
				CLANG_WARN_STRICT_PROTOTYPES = YES;
				CLANG_WARN_SUSPICIOUS_MOVE = YES;
				CLANG_WARN_UNGUARDED_AVAILABILITY = YES_AGGRESSIVE;
				CLANG_WARN_UNREACHABLE_CODE = YES;
				CLANG_WARN__DUPLICATE_METHOD_MATCH = YES;
				COPY_PHASE_STRIP = NO;
				DEBUG_INFORMATION_FORMAT = dwarf;
				ENABLE_STRICT_OBJC_MSGSEND = YES;
				ENABLE_TESTABILITY = YES;
				GCC_C_LANGUAGE_STANDARD = gnu11;
				GCC_DYNAMIC_NO_PIC = NO;
				GCC_NO_COMMON_BLOCKS = YES;
				GCC_OPTIMIZATION_LEVEL = 0;
				GCC_PREPROCESSOR_DEFINITIONS = (
					"DEBUG=1",
					"$(inherited)",
				);
				GCC_WARN_64_TO_32_BIT_CONVERSION = YES;
				GCC_WARN_ABOUT_RETURN_TYPE = YES_ERROR;
				GCC_WARN_UNDECLARED_SELECTOR = YES;
				GCC_WARN_UNINITIALIZED_AUTOS = YES_AGGRESSIVE;
				GCC_WARN_UNUSED_FUNCTION = YES;
				GCC_WARN_UNUSED_VARIABLE = YES;
				IPHONEOS_DEPLOYMENT_TARGET = 13.2;
				MTL_ENABLE_DEBUG_INFO = INCLUDE_SOURCE;
				MTL_FAST_MATH = YES;
				ONLY_ACTIVE_ARCH = YES;
				SDKROOT = iphoneos;
				SWIFT_ACTIVE_COMPILATION_CONDITIONS = DEBUG;
				SWIFT_OPTIMIZATION_LEVEL = "-Onone";
			};
			name = Debug;
		};
		AB45BC58242FB34100EC4E1E /* Release */ = {
			isa = XCBuildConfiguration;
			buildSettings = {
				ALWAYS_SEARCH_USER_PATHS = NO;
				CLANG_ANALYZER_NONNULL = YES;
				CLANG_ANALYZER_NUMBER_OBJECT_CONVERSION = YES_AGGRESSIVE;
				CLANG_CXX_LANGUAGE_STANDARD = "gnu++14";
				CLANG_CXX_LIBRARY = "libc++";
				CLANG_ENABLE_MODULES = YES;
				CLANG_ENABLE_OBJC_ARC = YES;
				CLANG_ENABLE_OBJC_WEAK = YES;
				CLANG_WARN_BLOCK_CAPTURE_AUTORELEASING = YES;
				CLANG_WARN_BOOL_CONVERSION = YES;
				CLANG_WARN_COMMA = YES;
				CLANG_WARN_CONSTANT_CONVERSION = YES;
				CLANG_WARN_DEPRECATED_OBJC_IMPLEMENTATIONS = YES;
				CLANG_WARN_DIRECT_OBJC_ISA_USAGE = YES_ERROR;
				CLANG_WARN_DOCUMENTATION_COMMENTS = YES;
				CLANG_WARN_EMPTY_BODY = YES;
				CLANG_WARN_ENUM_CONVERSION = YES;
				CLANG_WARN_INFINITE_RECURSION = YES;
				CLANG_WARN_INT_CONVERSION = YES;
				CLANG_WARN_NON_LITERAL_NULL_CONVERSION = YES;
				CLANG_WARN_OBJC_IMPLICIT_RETAIN_SELF = YES;
				CLANG_WARN_OBJC_LITERAL_CONVERSION = YES;
				CLANG_WARN_OBJC_ROOT_CLASS = YES_ERROR;
				CLANG_WARN_RANGE_LOOP_ANALYSIS = YES;
				CLANG_WARN_STRICT_PROTOTYPES = YES;
				CLANG_WARN_SUSPICIOUS_MOVE = YES;
				CLANG_WARN_UNGUARDED_AVAILABILITY = YES_AGGRESSIVE;
				CLANG_WARN_UNREACHABLE_CODE = YES;
				CLANG_WARN__DUPLICATE_METHOD_MATCH = YES;
				COPY_PHASE_STRIP = NO;
				DEBUG_INFORMATION_FORMAT = "dwarf-with-dsym";
				ENABLE_NS_ASSERTIONS = NO;
				ENABLE_STRICT_OBJC_MSGSEND = YES;
				GCC_C_LANGUAGE_STANDARD = gnu11;
				GCC_NO_COMMON_BLOCKS = YES;
				GCC_WARN_64_TO_32_BIT_CONVERSION = YES;
				GCC_WARN_ABOUT_RETURN_TYPE = YES_ERROR;
				GCC_WARN_UNDECLARED_SELECTOR = YES;
				GCC_WARN_UNINITIALIZED_AUTOS = YES_AGGRESSIVE;
				GCC_WARN_UNUSED_FUNCTION = YES;
				GCC_WARN_UNUSED_VARIABLE = YES;
				IPHONEOS_DEPLOYMENT_TARGET = 13.2;
				MTL_ENABLE_DEBUG_INFO = NO;
				MTL_FAST_MATH = YES;
				SDKROOT = iphoneos;
				SWIFT_COMPILATION_MODE = wholemodule;
				SWIFT_OPTIMIZATION_LEVEL = "-O";
				VALIDATE_PRODUCT = YES;
			};
			name = Release;
		};
		AB45BC5A242FB34100EC4E1E /* Debug */ = {
			isa = XCBuildConfiguration;
			buildSettings = {
				ASSETCATALOG_COMPILER_APPICON_NAME = AppIcon;
				CODE_SIGN_STYLE = Automatic;
				INFOPLIST_FILE = NovaPoshta/Info.plist;
				IPHONEOS_DEPLOYMENT_TARGET = 13.0;
				LD_RUNPATH_SEARCH_PATHS = (
					"$(inherited)",
					"@executable_path/Frameworks",
				);
				PRODUCT_BUNDLE_IDENTIFIER = Petro.NovaPoshta;
				PRODUCT_NAME = "$(TARGET_NAME)";
				SWIFT_VERSION = 5.0;
				TARGETED_DEVICE_FAMILY = 1;
			};
			name = Debug;
		};
		AB45BC5B242FB34100EC4E1E /* Release */ = {
			isa = XCBuildConfiguration;
			buildSettings = {
				ASSETCATALOG_COMPILER_APPICON_NAME = AppIcon;
				CODE_SIGN_STYLE = Automatic;
				INFOPLIST_FILE = NovaPoshta/Info.plist;
				IPHONEOS_DEPLOYMENT_TARGET = 13.0;
				LD_RUNPATH_SEARCH_PATHS = (
					"$(inherited)",
					"@executable_path/Frameworks",
				);
				PRODUCT_BUNDLE_IDENTIFIER = Petro.NovaPoshta;
				PRODUCT_NAME = "$(TARGET_NAME)";
				SWIFT_VERSION = 5.0;
				TARGETED_DEVICE_FAMILY = 1;
			};
			name = Release;
		};
/* End XCBuildConfiguration section */

/* Begin XCConfigurationList section */
		AB45BC40242FB33300EC4E1E /* Build configuration list for PBXProject "NovaPoshta" */ = {
			isa = XCConfigurationList;
			buildConfigurations = (
				AB45BC57242FB34100EC4E1E /* Debug */,
				AB45BC58242FB34100EC4E1E /* Release */,
			);
			defaultConfigurationIsVisible = 0;
			defaultConfigurationName = Release;
		};
		AB45BC59242FB34100EC4E1E /* Build configuration list for PBXNativeTarget "NovaPoshta" */ = {
			isa = XCConfigurationList;
			buildConfigurations = (
				AB45BC5A242FB34100EC4E1E /* Debug */,
				AB45BC5B242FB34100EC4E1E /* Release */,
			);
			defaultConfigurationIsVisible = 0;
			defaultConfigurationName = Release;
		};
/* End XCConfigurationList section */
	};
	rootObject = AB45BC3D242FB33300EC4E1E /* Project object */;
}
